
Microsoft Visual Studio Solution File, Format Version 12.00
# Visual Studio Version 17
VisualStudioVersion = 17.5.002.0
MinimumVisualStudioVersion = 10.0.40219.1
Project("{9A19103F-16F7-4668-BE54-9A1E7A4F7556}") = "poo-checkpoint-unity", "poo-checkpoint-unity.csproj", "{FF42A916-D9DD-49C6-9B19-978B72801266}"
EndProject
Global
	GlobalSection(SolutionConfigurationPlatforms) = preSolution
		Debug|Any CPU = Debug|Any CPU
		Release|Any CPU = Release|Any CPU
	EndGlobalSection
	GlobalSection(ProjectConfigurationPlatforms) = postSolution
		{FF42A916-D9DD-49C6-9B19-978B72801266}.Debug|Any CPU.ActiveCfg = Debug|Any CPU
		{FF42A916-D9DD-49C6-9B19-978B72801266}.Debug|Any CPU.Build.0 = Debug|Any CPU
		{FF42A916-D9DD-49C6-9B19-978B72801266}.Release|Any CPU.ActiveCfg = Release|Any CPU
		{FF42A916-D9DD-49C6-9B19-978B72801266}.Release|Any CPU.Build.0 = Release|Any CPU
	EndGlobalSection
	GlobalSection(SolutionProperties) = preSolution
		HideSolutionNode = FALSE
	EndGlobalSection
	GlobalSection(ExtensibilityGlobals) = postSolution
		SolutionGuid = {2DD9C6EB-7E22-489A-9D68-682639603907}
	EndGlobalSection
EndGlobal
